github.com/wowchemy/wowchemy-hugo-modules/wowchemy v0.0.0-20210211185922-b811f9a1bb9c h1:rcd9H2OHyw3xiu2H140g22AUvYZPBfvynAyTfubpvg4=
github.com/wowchemy/wowchemy-hugo-modules/wowchemy v0.0.0-20210211185922-b811f9a1bb9c/go.mod h1:H22qfH9qj3FWwsk7+bAZpmT24yRGNQURah2/IRwjbn8=
github.com/wowchemy/wowchemy-hugo-modules/wowchemy v0.0.0-20210215224117-3cf9f6cdeef0 h1:CKKB4/INf2y6opG3Xgw5kIz2Hkp0yf3gZfGj/wA5yPY=
github.com/wowchemy/wowchemy-hugo-modules/wowchemy v0.0.0-20210215224117-3cf9f6cdeef0/go.mod h1:H22qfH9qj3FWwsk7+bAZpmT24yRGNQURah2/IRwjbn8=
github.com/wowchemy/wowchemy-hugo-modules/wowchemy v0.0.0-20210219103904-55fd017f980f h1:wkKwEFhbqS6JJ5x7qIAZ+Tr2qP4K1cW8kWXFwrG82nw=
github.com/wowchemy/wowchemy-hugo-modules/wowchemy v0.0.0-20210219103904-55fd017f980f/go.mod h1:H22qfH9qj3FWwsk7+bAZpmT24yRGNQURah2/IRwjbn8=
github.com/wowchemy/wowchemy-hugo-modules/wowchemy v0.0.0-20210219133516-05c772f38946 h1:PPkYFJCSyAMp9J5z9e5k/3CRHrCaWcQdw/hsM2SYqN4=
github.com/wowchemy/wowchemy-hugo-modules/wowchemy v0.0.0-20210219133516-05c772f38946/go.mod h1:H22qfH9qj3FWwsk7+bAZpmT24yRGNQURah2/IRwjbn8=
github.com/wowchemy/wowchemy-hugo-modules/wowchemy v0.0.0-20210221181856-d47703395c46 h1:7XMPEYl08tGJdgoIrrNwMmfAZXWVHezIedKE9lW5RHs=
github.com/wowchemy/wowchemy-hugo-modules/wowchemy v0.0.0-20210221181856-d47703395c46/go.mod h1:H22qfH9qj3FWwsk7+bAZpmT24yRGNQURah2/IRwjbn8=
github.com/wowchemy/wowchemy-hugo-modules/wowchemy v0.0.0-20210221212403-e27cbaca79fc h1:KqQe0Fm+mlI+4pVmclPpgXNoNtBPO6P86P93K0soUxk=
github.com/wowchemy/wowchemy-hugo-modules/wowchemy v0.0.0-20210221212403-e27cbaca79fc/go.mod h1:H22qfH9qj3FWwsk7+bAZpmT24yRGNQURah2/IRwjbn8=
github.com/wowchemy/wowchemy-hugo-modules/wowchemy-cms v0.0.0-20210211185922-b811f9a1bb9c h1:a5+8Lgpcomdgpz9pPDhKQ53RMbNkKmifQ3hNrYWA0dg=
github.com/wowchemy/wowchemy-hugo-modules/wowchemy-cms v0.0.0-20210211185922-b811f9a1bb9c/go.mod h1:AKpYbqUVlj0VYsc7Jsxe1o8Ko2yV31A5ZPdfpACcXJw=
github.com/wowchemy/wowchemy-hugo-modules/wowchemy-cms v0.0.0-20210215224117-3cf9f6cdeef0 h1:EgYufgvY8/LkntjIaKlga4cg9XLwHq24xH91DtNiAlc=
github.com/wowchemy/wowchemy-hugo-modules/wowchemy-cms v0.0.0-20210215224117-3cf9f6cdeef0/go.mod h1:AKpYbqUVlj0VYsc7Jsxe1o8Ko2yV31A5ZPdfpACcXJw=
github.com/wowchemy/wowchemy-hugo-modules/wowchemy-cms v0.0.0-20210219103904-55fd017f980f h1:6FfLXS7BzaLq0dKEzxE1Zh7Aw+7IrPQIe6v22obACH8=
github.com/wowchemy/wowchemy-hugo-modules/wowchemy-cms v0.0.0-20210219103904-55fd017f980f/go.mod h1:AKpYbqUVlj0VYsc7Jsxe1o8Ko2yV31A5ZPdfpACcXJw=
github.com/wowchemy/wowchemy-hugo-modules/wowchemy-cms v0.0.0-20210219133516-05c772f38946 h1:dxvDlibakOxlK4d0ZYcErGJsqQewJwR0gCB+0+77kQU=
github.com/wowchemy/wowchemy-hugo-modules/wowchemy-cms v0.0.0-20210219133516-05c772f38946/go.mod h1:AKpYbqUVlj0VYsc7Jsxe1o8Ko2yV31A5ZPdfpACcXJw=
github.com/wowchemy/wowchemy-hugo-modules/wowchemy-cms v0.0.0-20210221181856-d47703395c46 h1:dSGtExiS5mcD2DWJhWJEOW1UqXGU9Np8VedtfRmPKJo=
github.com/wowchemy/wowchemy-hugo-modules/wowchemy-cms v0.0.0-20210221181856-d47703395c46/go.mod h1:AKpYbqUVlj0VYsc7Jsxe1o8Ko2yV31A5ZPdfpACcXJw=
github.com/wowchemy/wowchemy-hugo-modules/wowchemy-cms v0.0.0-20210221212403-e27cbaca79fc h1:/dqq72u11rt1etV6QWdFrsEZIp/PCK+ia8SGnFi106w=
github.com/wowchemy/wowchemy-hugo-modules/wowchemy-cms v0.0.0-20210221212403-e27cbaca79fc/go.mod h1:AKpYbqUVlj0VYsc7Jsxe1o8Ko2yV31A5ZPdfpACcXJw=
